
Microsoft Visual Studio Solution File, Format Version 12.00
# Visual Studio Version 17
VisualStudioVersion = 17.14.36518.9
MinimumVisualStudioVersion = 10.0.40219.1
Project("{FAE04EC0-301F-11D3-BF4B-00C04F79EFBC}") = "KingdomHospital", "KindomHospital\KingdomHospital.csproj", "{F73483C8-4E66-492F-8C65-42EF234C1975}"
EndProject
Global
	GlobalSection(SolutionConfigurationPlatforms) = preSolution
		Debug|Any CPU = Debug|Any CPU
		Release|Any CPU = Release|Any CPU
	EndGlobalSection
	GlobalSection(ProjectConfigurationPlatforms) = postSolution
		{F73483C8-4E66-492F-8C65-42EF234C1975}.Debug|Any CPU.ActiveCfg = Debug|Any CPU
		{F73483C8-4E66-492F-8C65-42EF234C1975}.Debug|Any CPU.Build.0 = Debug|Any CPU
		{F73483C8-4E66-492F-8C65-42EF234C1975}.Release|Any CPU.ActiveCfg = Release|Any CPU
		{F73483C8-4E66-492F-8C65-42EF234C1975}.Release|Any CPU.Build.0 = Release|Any CPU
	EndGlobalSection
	GlobalSection(SolutionProperties) = preSolution
		HideSolutionNode = FALSE
	EndGlobalSection
	GlobalSection(ExtensibilityGlobals) = postSolution
		SolutionGuid = {0C640E20-C799-4A23-B94A-E0FCB7F5E113}
	EndGlobalSection
EndGlobal
